<?xml version="1.0" encoding="utf-8"?>
<Project ToolsVersion="4.0" xmlns="http://schemas.microsoft.com/developer/msbuild/2003">
  <ItemGroup>
    <Filter Include="Archivos de origen">
      <UniqueIdentifier>{4FC737F1-C7A5-4376-A066-2A32D752A2FF}</UniqueIdentifier>
      <Extensions>cpp;c;cc;cxx;c++;def;odl;idl;hpj;bat;asm;asmx</Extensions>
    </Filter>
    <Filter Include="Archivos de encabezado">
      <UniqueIdentifier>{93995380-89BD-4b04-88EB-625FBE52EBFB}</UniqueIdentifier>
      <Extensions>h;hh;hpp;hxx;h++;hm;inl;inc;ipp;xsd</Extensions>
    </Filter>
    <Filter Include="Archivos de recursos">
      <UniqueIdentifier>{67DA6AB6-F800-4c08-8B7A-83BB121AAD01}</UniqueIdentifier>
      <Extensions>rc;ico;cur;bmp;dlg;rc2;rct;bin;rgs;gif;jpg;jpeg;jpe;resx;tiff;tif;png;wav;mfcribbon-ms</Extensions>
    </Filter>
  </ItemGroup>
  <ItemGroup>
    <ClInclude Include="Onfer.h">
      <Filter>Archivos de encabezado</Filter>
    </ClInclude>
    <ClInclude Include="source\KeyEvents.h">
      <Filter>Archivos de encabezado</Filter>
    </ClInclude>
    <ClInclude Include="source\KeyStatus.h">
      <Filter>Archivos de encabezado</Filter>
    </ClInclude>
    <ClInclude Include="source\KeyCode.h">
      <Filter>Archivos de encabezado</Filter>
    </ClInclude>
    <ClInclude Include="source\MouseMoveEvent.h">
      <Filter>Archivos de encabezado</Filter>
    </ClInclude>
    <ClInclude Include="source\WindowResizeEvent.h">
      <Filter>Archivos de encabezado</Filter>
    </ClInclude>
    <ClInclude Include="source\WindowCloseEvent.h">
      <Filter>Archivos de encabezado</Filter>
    </ClInclude>
    <ClInclude Include="source\MouseEvents.h">
      <Filter>Archivos de encabezado</Filter>
    </ClInclude>
    <ClInclude Include="source\KeyCodeEvents.h">
      <Filter>Archivos de encabezado</Filter>
    </ClInclude>
    <ClInclude Include="source\WindowEvents.h">
      <Filter>Archivos de encabezado</Filter>
    </ClInclude>
    <ClInclude Include="source\Window.h">
      <Filter>Archivos de encabezado</Filter>
    </ClInclude>
    <ClInclude Include="source\ShowWindowMode.h">
      <Filter>Archivos de encabezado</Filter>
    </ClInclude>
    <ClInclude Include="utils\Log.h">
      <Filter>Archivos de encabezado</Filter>
    </ClInclude>
    <ClInclude Include="Renderer\Context.h">
      <Filter>Archivos de encabezado</Filter>
    </ClInclude>
    <ClInclude Include="source\Scene.h">
      <Filter>Archivos de encabezado</Filter>
    </ClInclude>
    <ClInclude Include="Renderer\Renderer.h">
      <Filter>Archivos de encabezado</Filter>
    </ClInclude>
    <ClInclude Include="OpenGL\OpenGL.h">
      <Filter>Archivos de encabezado</Filter>
    </ClInclude>
    <ClInclude Include="Renderer\VertexBuffer.h">
      <Filter>Archivos de encabezado</Filter>
    </ClInclude>
    <ClInclude Include="Renderer\IndexBuffer.h">
      <Filter>Archivos de encabezado</Filter>
    </ClInclude>
    <ClInclude Include="source\WindowMoveEvent.h">
      <Filter>Archivos de encabezado</Filter>
    </ClInclude>
    <ClInclude Include="Renderer\VertexArray.h">
      <Filter>Archivos de encabezado</Filter>
    </ClInclude>
    <ClInclude Include="Renderer\BufferLayout.h">
      <Filter>Archivos de encabezado</Filter>
    </ClInclude>
    <ClInclude Include="Renderer\Shader.h">
      <Filter>Archivos de encabezado</Filter>
    </ClInclude>
    <ClInclude Include="utils\Timer.h">
      <Filter>Archivos de encabezado</Filter>
    </ClInclude>
    <ClInclude Include="Renderer\OpenGL\OpenGLContext.h">
      <Filter>Archivos de encabezado</Filter>
    </ClInclude>
    <ClInclude Include="Renderer\OpenGL\OpenGLIndexBuffer.h">
      <Filter>Archivos de encabezado</Filter>
    </ClInclude>
    <ClInclude Include="Renderer\OpenGL\OpenGLRenderer.h">
      <Filter>Archivos de encabezado</Filter>
    </ClInclude>
    <ClInclude Include="Renderer\OpenGL\OpenGLShader.h">
      <Filter>Archivos de encabezado</Filter>
    </ClInclude>
    <ClInclude Include="Renderer\OpenGL\OpenGLVertexArray.h">
      <Filter>Archivos de encabezado</Filter>
    </ClInclude>
    <ClInclude Include="Renderer\OpenGL\OpenGLVertexBuffer.h">
      <Filter>Archivos de encabezado</Filter>
    </ClInclude>
    <ClInclude Include="utils\Math.h">
      <Filter>Archivos de encabezado</Filter>
    </ClInclude>
    <ClInclude Include="Renderer\Texture.h">
      <Filter>Archivos de encabezado</Filter>
    </ClInclude>
    <ClInclude Include="Renderer\OpenGL\OpenGLTexture.h">
      <Filter>Archivos de encabezado</Filter>
    </ClInclude>
    <ClInclude Include="utils\Image.h">
      <Filter>Archivos de encabezado</Filter>
    </ClInclude>
    <ClInclude Include="Renderer\Renderer2D\Camera2D.h">
      <Filter>Archivos de encabezado</Filter>
    </ClInclude>
    <ClInclude Include="Renderer\Renderer3D\Camera3D.h">
      <Filter>Archivos de encabezado</Filter>
    </ClInclude>
    <ClInclude Include="Renderer\Camera.h">
      <Filter>Archivos de encabezado</Filter>
    </ClInclude>
    <ClInclude Include="Renderer\VertexBufferFactory.h">
      <Filter>Archivos de encabezado</Filter>
    </ClInclude>
    <ClInclude Include="Renderer\Renderer2D\Quad.h">
      <Filter>Archivos de encabezado</Filter>
    </ClInclude>
    <ClInclude Include="Renderer\Renderer2D\Sprite.h">
      <Filter>Archivos de encabezado</Filter>
    </ClInclude>
    <ClInclude Include="Renderer\IndexBufferFactory.h">
      <Filter>Archivos de encabezado</Filter>
    </ClInclude>
    <ClInclude Include="pch.h">
      <Filter>Archivos de encabezado</Filter>
    </ClInclude>
    <ClInclude Include="Renderer\BatchRender.h">
      <Filter>Archivos de encabezado</Filter>
    </ClInclude>
    <ClInclude Include="utils\vec3.h">
      <Filter>Archivos de encabezado</Filter>
    </ClInclude>
    <ClInclude Include="utils\vec4.h">
      <Filter>Archivos de encabezado</Filter>
    </ClInclude>
    <ClInclude Include="utils\vec2.h">
      <Filter>Archivos de encabezado</Filter>
    </ClInclude>
    <ClInclude Include="utils\mat4.h">
      <Filter>Archivos de encabezado</Filter>
    </ClInclude>
  </ItemGroup>
  <ItemGroup>
    <ClCompile Include="source\KeyStatus.cpp">
      <Filter>Archivos de origen</Filter>
    </ClCompile>
    <ClCompile Include="source\KeyEvents.cpp">
      <Filter>Archivos de origen</Filter>
    </ClCompile>
    <ClCompile Include="source\MouseMoveEvent.cpp">
      <Filter>Archivos de origen</Filter>
    </ClCompile>
    <ClCompile Include="source\WindowResizeEvent.cpp">
      <Filter>Archivos de origen</Filter>
    </ClCompile>
    <ClCompile Include="source\WindowCloseEvent.cpp">
      <Filter>Archivos de origen</Filter>
    </ClCompile>
    <ClCompile Include="source\WindowEvents.cpp">
      <Filter>Archivos de origen</Filter>
    </ClCompile>
    <ClCompile Include="source\Window.cpp">
      <Filter>Archivos de origen</Filter>
    </ClCompile>
    <ClCompile Include="utils\Log.cpp">
      <Filter>Archivos de origen</Filter>
    </ClCompile>
    <ClCompile Include="source\Scene.cpp">
      <Filter>Archivos de origen</Filter>
    </ClCompile>
    <ClCompile Include="OpenGL\OpenGL.cpp">
      <Filter>Archivos de origen</Filter>
    </ClCompile>
    <ClCompile Include="source\WindowMoveEvent.cpp">
      <Filter>Archivos de origen</Filter>
    </ClCompile>
    <ClCompile Include="utils\Timer.cpp">
      <Filter>Archivos de origen</Filter>
    </ClCompile>
    <ClCompile Include="Renderer\OpenGL\OpenGLContext.cpp">
      <Filter>Archivos de origen</Filter>
    </ClCompile>
    <ClCompile Include="Renderer\OpenGL\OpenGLIndexBuffer.cpp">
      <Filter>Archivos de origen</Filter>
    </ClCompile>
    <ClCompile Include="Renderer\OpenGL\OpenGLRenderer.cpp">
      <Filter>Archivos de origen</Filter>
    </ClCompile>
    <ClCompile Include="Renderer\OpenGL\OpenGLShader.cpp">
      <Filter>Archivos de origen</Filter>
    </ClCompile>
    <ClCompile Include="Renderer\OpenGL\OpenGLVertexArray.cpp">
      <Filter>Archivos de origen</Filter>
    </ClCompile>
    <ClCompile Include="Renderer\OpenGL\OpenGLVertexBuffer.cpp">
      <Filter>Archivos de origen</Filter>
    </ClCompile>
    <ClCompile Include="Renderer\BufferLayout.cpp">
      <Filter>Archivos de origen</Filter>
    </ClCompile>
    <ClCompile Include="utils\Math.cpp">
      <Filter>Archivos de origen</Filter>
    </ClCompile>
    <ClCompile Include="Renderer\OpenGL\OpenGLTexture.cpp">
      <Filter>Archivos de origen</Filter>
    </ClCompile>
    <ClCompile Include="utils\Image.cpp">
      <Filter>Archivos de origen</Filter>
    </ClCompile>
    <ClCompile Include="Renderer\Renderer2D\Camera2D.cpp">
      <Filter>Archivos de origen</Filter>
    </ClCompile>
    <ClCompile Include="Renderer\Renderer3D\Camera3D.cpp">
      <Filter>Archivos de origen</Filter>
    </ClCompile>
    <ClCompile Include="Renderer\VertexBufferFactory.cpp">
      <Filter>Archivos de origen</Filter>
    </ClCompile>
    <ClCompile Include="Renderer\IndexBufferFactory.cpp">
      <Filter>Archivos de origen</Filter>
    </ClCompile>
    <ClCompile Include="Renderer\Renderer2D\Quad.cpp">
      <Filter>Archivos de origen</Filter>
    </ClCompile>
    <ClCompile Include="Renderer\Renderer2D\Sprite.cpp">
      <Filter>Archivos de origen</Filter>
    </ClCompile>
    <ClCompile Include="pch.cpp">
      <Filter>Archivos de origen</Filter>
    </ClCompile>
    <ClCompile Include="Renderer\BatchRender.cpp">
      <Filter>Archivos de origen</Filter>
    </ClCompile>
    <ClCompile Include="utils\vec3.cpp">
      <Filter>Archivos de origen</Filter>
    </ClCompile>
    <ClCompile Include="utils\vec4.cpp">
      <Filter>Archivos de origen</Filter>
    </ClCompile>
    <ClCompile Include="utils\vec2.cpp">
      <Filter>Archivos de origen</Filter>
    </ClCompile>
    <ClCompile Include="utils\mat4.cpp">
      <Filter>Archivos de origen</Filter>
    </ClCompile>
  </ItemGroup>
</Project>